<?xml version="1.0" encoding="utf-8"?>
<Project ToolsVersion="4.0" xmlns="http://schemas.microsoft.com/developer/msbuild/2003">
  <ItemGroup>
    <ClCompile Include="GL\glew.c">
      <Filter>src\GL</Filter>
    </ClCompile>
    <ClCompile Include="GL\SOIL\SOIL.c">
      <Filter>src\SOIL</Filter>
    </ClCompile>
    <ClCompile Include="src\world.c">
      <Filter>src</Filter>
    </ClCompile>
    <ClCompile Include="src\actor.c">
      <Filter>src</Filter>
    </ClCompile>
    <ClCompile Include="src\material.c">
      <Filter>src</Filter>
    </ClCompile>
    <ClCompile Include="src\mesh.c">
      <Filter>src</Filter>
    </ClCompile>
    <ClCompile Include="src\resource.c">
      <Filter>src</Filter>
    </ClCompile>
    <ClCompile Include="src\shader.c">
      <Filter>src</Filter>
    </ClCompile>
    <ClCompile Include="src\types3d.c">
      <Filter>src</Filter>
    </ClCompile>
    <ClCompile Include="src\utf8.c">
      <Filter>src</Filter>
    </ClCompile>
    <ClCompile Include="src\util.c">
      <Filter>src</Filter>
    </ClCompile>
    <ClCompile Include="src\vertex_array.c">
      <Filter>src</Filter>
    </ClCompile>
  </ItemGroup>
  <ItemGroup>
    <ClInclude Include="GL\glew.h">
      <Filter>src\GL</Filter>
    </ClInclude>
    <ClInclude Include="GL\glfw3.h">
      <Filter>src\GL</Filter>
    </ClInclude>
    <ClInclude Include="GL\SOIL\SOIL.h">
      <Filter>src\SOIL</Filter>
    </ClInclude>
    <ClInclude Include="include\actor.h">
      <Filter>include</Filter>
    </ClInclude>
    <ClInclude Include="include\gl4e.h">
      <Filter>include</Filter>
    </ClInclude>
    <ClInclude Include="include\material.h">
      <Filter>include</Filter>
    </ClInclude>
    <ClInclude Include="include\mesh.h">
      <Filter>include</Filter>
    </ClInclude>
    <ClInclude Include="include\resource.h">
      <Filter>include</Filter>
    </ClInclude>
    <ClInclude Include="include\shader.h">
      <Filter>include</Filter>
    </ClInclude>
    <ClInclude Include="include\types3d.h">
      <Filter>include</Filter>
    </ClInclude>
    <ClInclude Include="include\utf8.h">
      <Filter>include</Filter>
    </ClInclude>
    <ClInclude Include="include\util.h">
      <Filter>include</Filter>
    </ClInclude>
    <ClInclude Include="include\vector.h">
      <Filter>include</Filter>
    </ClInclude>
    <ClInclude Include="include\vertex_array.h">
      <Filter>include</Filter>
    </ClInclude>
    <ClInclude Include="include\world.h">
      <Filter>include</Filter>
    </ClInclude>
  </ItemGroup>
  <ItemGroup>
    <None Include="Makefile" />
    <None Include="data\shaders\v3f-t2f-c4f.frag">
      <Filter>data\shaders</Filter>
    </None>
    <None Include="data\shaders\v3f-t2f-c4f.vert">
      <Filter>data\shaders</Filter>
    </None>
    <None Include="data\shaders\simple.vert">
      <Filter>data\shaders</Filter>
    </None>
    <None Include="data\shaders\simple.frag">
      <Filter>data\shaders</Filter>
    </None>
  </ItemGroup>
  <ItemGroup>
    <Filter Include="src">
      <UniqueIdentifier>{0c17ad38-7e91-46b5-a3b0-75590bf1809e}</UniqueIdentifier>
    </Filter>
    <Filter Include="data">
      <UniqueIdentifier>{c09d6e6c-4a31-49bb-8577-5d15a3eb1dbf}</UniqueIdentifier>
    </Filter>
    <Filter Include="data\shaders">
      <UniqueIdentifier>{f045ba73-924c-4005-99b6-3b1ef90ef414}</UniqueIdentifier>
    </Filter>
    <Filter Include="src\SOIL">
      <UniqueIdentifier>{782342c3-f969-4e84-9dca-7e9d6affee67}</UniqueIdentifier>
    </Filter>
    <Filter Include="src\GL">
      <UniqueIdentifier>{5f539bb6-1512-44ed-9e45-4d932fc02676}</UniqueIdentifier>
    </Filter>
    <Filter Include="include">
      <UniqueIdentifier>{0aa78df6-ca92-49a4-876b-8412e7c3774f}</UniqueIdentifier>
    </Filter>
  </ItemGroup>
  <ItemGroup>
    <Natvis Include="include\gl4e.natvis">
      <Filter>include</Filter>
    </Natvis>
  </ItemGroup>
</Project>